
Microsoft Visual Studio Solution File, Format Version 12.00
# Visual Studio 14
VisualStudioVersion = 14.0.25420.1
MinimumVisualStudioVersion = 10.0.40219.1
Project("{FAE04EC0-301F-11D3-BF4B-00C04F79EFBC}") = "ConsoleApplication10", "ConsoleApplication10\ConsoleApplication10.csproj", "{92732631-0AE0-42EB-A717-4DAC5055DE5E}"
EndProject
Project("{FAE04EC0-301F-11D3-BF4B-00C04F79EFBC}") = "UnitTestProject1", "UnitTestProject1\UnitTestProject1.csproj", "{6AC6E04E-B21D-464B-A1FC-C535F4808C9D}"
EndProject
Global
	GlobalSection(SolutionConfigurationPlatforms) = preSolution
		Debug|Any CPU = Debug|Any CPU
		Release|Any CPU = Release|Any CPU
	EndGlobalSection
	GlobalSection(ProjectConfigurationPlatforms) = postSolution
		{92732631-0AE0-42EB-A717-4DAC5055DE5E}.Debug|Any CPU.ActiveCfg = Debug|Any CPU
		{92732631-0AE0-42EB-A717-4DAC5055DE5E}.Debug|Any CPU.Build.0 = Debug|Any CPU
		{92732631-0AE0-42EB-A717-4DAC5055DE5E}.Release|Any CPU.ActiveCfg = Release|Any CPU
		{92732631-0AE0-42EB-A717-4DAC5055DE5E}.Release|Any CPU.Build.0 = Release|Any CPU
		{6AC6E04E-B21D-464B-A1FC-C535F4808C9D}.Debug|Any CPU.ActiveCfg = Debug|Any CPU
		{6AC6E04E-B21D-464B-A1FC-C535F4808C9D}.Debug|Any CPU.Build.0 = Debug|Any CPU
		{6AC6E04E-B21D-464B-A1FC-C535F4808C9D}.Release|Any CPU.ActiveCfg = Release|Any CPU
		{6AC6E04E-B21D-464B-A1FC-C535F4808C9D}.Release|Any CPU.Build.0 = Release|Any CPU
	EndGlobalSection
	GlobalSection(SolutionProperties) = preSolution
		HideSolutionNode = FALSE
	EndGlobalSection
EndGlobal
